
Microsoft Visual Studio Solution File, Format Version 12.00
# Visual Studio Version 17
VisualStudioVersion = 17.4.33213.308
MinimumVisualStudioVersion = 10.0.40219.1
Project("{9A19103F-16F7-4668-BE54-9A1E7A4F7556}") = "ProjetA2S4Informatique", "ProjetA2S4Informatique.csproj", "{981411A9-8678-4B76-8AEF-A62D62AF121F}"
EndProject
Project("{9A19103F-16F7-4668-BE54-9A1E7A4F7556}") = "Programme1", "..\Programme1\Programme1.csproj", "{48C0FDDD-EE61-4C4E-A4C9-F4CF67224F79}"
EndProject
Project("{2150E333-8FDC-42A3-9474-1A3956D46DE8}") = "Solution Items", "Solution Items", "{7CAA9B66-31B7-499E-B418-80D83FE22A65}"
	ProjectSection(SolutionItems) = preProject
		.editorconfig = .editorconfig
	EndProjectSection
EndProject
Global
	GlobalSection(SolutionConfigurationPlatforms) = preSolution
		Debug|Any CPU = Debug|Any CPU
		Release|Any CPU = Release|Any CPU
	EndGlobalSection
	GlobalSection(ProjectConfigurationPlatforms) = postSolution
		{981411A9-8678-4B76-8AEF-A62D62AF121F}.Debug|Any CPU.ActiveCfg = Debug|Any CPU
		{981411A9-8678-4B76-8AEF-A62D62AF121F}.Debug|Any CPU.Build.0 = Debug|Any CPU
		{981411A9-8678-4B76-8AEF-A62D62AF121F}.Release|Any CPU.ActiveCfg = Release|Any CPU
		{981411A9-8678-4B76-8AEF-A62D62AF121F}.Release|Any CPU.Build.0 = Release|Any CPU
		{48C0FDDD-EE61-4C4E-A4C9-F4CF67224F79}.Debug|Any CPU.ActiveCfg = Debug|Any CPU
		{48C0FDDD-EE61-4C4E-A4C9-F4CF67224F79}.Debug|Any CPU.Build.0 = Debug|Any CPU
		{48C0FDDD-EE61-4C4E-A4C9-F4CF67224F79}.Release|Any CPU.ActiveCfg = Release|Any CPU
		{48C0FDDD-EE61-4C4E-A4C9-F4CF67224F79}.Release|Any CPU.Build.0 = Release|Any CPU
	EndGlobalSection
	GlobalSection(SolutionProperties) = preSolution
		HideSolutionNode = FALSE
	EndGlobalSection
	GlobalSection(ExtensibilityGlobals) = postSolution
		SolutionGuid = {FF29553D-308B-4DD1-9554-4D1AD9FEF3EA}
	EndGlobalSection
EndGlobal
